# Generated by buf. DO NOT EDIT.
version: v2
deps:
  - name: buf.build/cosmos/cosmos-proto
    commit: 1935555c206d4afb9e94615dfd0fad31
    digest: b5:0a29584117fe6433fa593d03fbda6b3964ddc59b986cd2277833ee01d4ac215a14b0286241462cd0dee6b460a108823dff5c7c42c9c1f4f7df861fcfa4bbebdf
  - name: buf.build/cosmos/cosmos-sdk
    commit: 954f7b05f38440fc8250134b15adec47
    digest: b5:277c452a656ede14d1a044fcba3a47531883cf39988401b1ed422a064e116aed8a28e671d9cea434aa0381f139ad194f98606bf45915a945cc354fb81135d09b
  - name: buf.build/cosmos/gogo-proto
    commit: 34d970b699f84aa382f3c29773a60836
    digest: b5:15d77a039fd9ab81ffb28ce9601eeb687840474dd11cf645341d50c1bba7f70b01acdf0e9781d09d42d0e4bcb720eac96451827b6cf24146e2a6b2bb3d65a96c
  - name: buf.build/cosmos/ics23
    commit: 3c44d8daa8b44059ac744cd17d4a49d7
    digest: b5:c7aa1ed5c986ce995721b593cc292504f68021db3ff6d7e3619fa560fdb58dbdf0cf59ca10433ff434efe9efaa2a6c273ba5556cffdad590e9530ac4ab105c04
  - name: buf.build/googleapis/googleapis
    commit: 75b4300737fb4efca0831636be94e517
    digest: b5:d227a018d00bd477f62a1b3f394c87c142f7429b8bf046f7d5e6a1bb3d0e5293a96491d50825983683c295f038cdace614d258a083baa5f766985c9e618c5d2a
  - name: buf.build/protocolbuffers/wellknowntypes
    commit: 44e83bc050a4497fa7b36b34d95ca156
    digest: b5:0d4aa31a2420a509799d6287d49ef590e14dcef5048816d446d1324b7c5b4026f4a81771babb1553b8faa5b0f79e70e1069af693682941323b7a172de48f1a17
